
Microsoft Visual Studio Solution File, Format Version 12.00
# Visual Studio Version 17
VisualStudioVersion = 17.14.36429.23 d17.14
MinimumVisualStudioVersion = 10.0.40219.1
Project("{FAE04EC0-301F-11D3-BF4B-00C04F79EFBC}") = "Capstone", "Capstone.csproj", "{14F3F867-9E55-493C-8679-EC9C0AF71EA6}"
EndProject
Global
	GlobalSection(SolutionConfigurationPlatforms) = preSolution
		Debug|Any CPU = Debug|Any CPU
		Release|Any CPU = Release|Any CPU
	EndGlobalSection
	GlobalSection(ProjectConfigurationPlatforms) = postSolution
		{14F3F867-9E55-493C-8679-EC9C0AF71EA6}.Debug|Any CPU.ActiveCfg = Debug|Any CPU
		{14F3F867-9E55-493C-8679-EC9C0AF71EA6}.Debug|Any CPU.Build.0 = Debug|Any CPU
		{14F3F867-9E55-493C-8679-EC9C0AF71EA6}.Release|Any CPU.ActiveCfg = Release|Any CPU
		{14F3F867-9E55-493C-8679-EC9C0AF71EA6}.Release|Any CPU.Build.0 = Release|Any CPU
	EndGlobalSection
	GlobalSection(SolutionProperties) = preSolution
		HideSolutionNode = FALSE
	EndGlobalSection
	GlobalSection(ExtensibilityGlobals) = postSolution
		SolutionGuid = {8DD01B1D-1A1D-403C-A529-94EB1F34542B}
	EndGlobalSection
EndGlobal
